
Microsoft Visual Studio Solution File, Format Version 12.00
# Visual Studio Version 17
VisualStudioVersion = 17.9.34728.123
MinimumVisualStudioVersion = 10.0.40219.1
Project("{8BC9CEB8-8B4A-11D0-8D11-00A0C91BC942}") = "MT3 00_01 確認課題", "MT3 00_01 確認課題.vcxproj", "{68AED26E-FD46-4926-A4DE-23ECDD310744}"
EndProject
Global
	GlobalSection(SolutionConfigurationPlatforms) = preSolution
		Debug|x64 = Debug|x64
		Release|x64 = Release|x64
	EndGlobalSection
	GlobalSection(ProjectConfigurationPlatforms) = postSolution
		{68AED26E-FD46-4926-A4DE-23ECDD310744}.Debug|x64.ActiveCfg = Debug|x64
		{68AED26E-FD46-4926-A4DE-23ECDD310744}.Debug|x64.Build.0 = Debug|x64
		{68AED26E-FD46-4926-A4DE-23ECDD310744}.Release|x64.ActiveCfg = Release|x64
		{68AED26E-FD46-4926-A4DE-23ECDD310744}.Release|x64.Build.0 = Release|x64
	EndGlobalSection
	GlobalSection(SolutionProperties) = preSolution
		HideSolutionNode = FALSE
	EndGlobalSection
	GlobalSection(ExtensibilityGlobals) = postSolution
		SolutionGuid = {96B77D9F-426D-418D-8FDC-C54C9AD4A463}
	EndGlobalSection
EndGlobal
